
Microsoft Visual Studio Solution File, Format Version 12.00
# Visual Studio 15
VisualStudioVersion = 15.0.28307.572
MinimumVisualStudioVersion = 10.0.40219.1
Project("{9A19103F-16F7-4668-BE54-9A1E7A4F7556}") = "DocumentDbRepository", "DocumentDbRepository\DocumentDbRepository.csproj", "{74FAA01B-2805-42AA-BE02-5F87DAC0EA6E}"
EndProject
Global
	GlobalSection(SolutionConfigurationPlatforms) = preSolution
		Debug|Any CPU = Debug|Any CPU
		Release|Any CPU = Release|Any CPU
	EndGlobalSection
	GlobalSection(ProjectConfigurationPlatforms) = postSolution
		{74FAA01B-2805-42AA-BE02-5F87DAC0EA6E}.Debug|Any CPU.ActiveCfg = Debug|Any CPU
		{74FAA01B-2805-42AA-BE02-5F87DAC0EA6E}.Debug|Any CPU.Build.0 = Debug|Any CPU
		{74FAA01B-2805-42AA-BE02-5F87DAC0EA6E}.Release|Any CPU.ActiveCfg = Release|Any CPU
		{74FAA01B-2805-42AA-BE02-5F87DAC0EA6E}.Release|Any CPU.Build.0 = Release|Any CPU
	EndGlobalSection
	GlobalSection(SolutionProperties) = preSolution
		HideSolutionNode = FALSE
	EndGlobalSection
	GlobalSection(ExtensibilityGlobals) = postSolution
		SolutionGuid = {F227D69A-6C01-425F-9475-DC605321B74B}
	EndGlobalSection
EndGlobal
